
Microsoft Visual Studio Solution File, Format Version 12.00
# Visual Studio Version 17
VisualStudioVersion = 17.3.32901.215
MinimumVisualStudioVersion = 10.0.40219.1
Project("{FAE04EC0-301F-11D3-BF4B-00C04F79EFBC}") = "NotifyUser", "NotifyUser.csproj", "{5D692AA8-37CB-4DD7-9944-050F8B8478A5}"
EndProject
Global
	GlobalSection(SolutionConfigurationPlatforms) = preSolution
		Debug|Any CPU = Debug|Any CPU
		Release|Any CPU = Release|Any CPU
	EndGlobalSection
	GlobalSection(ProjectConfigurationPlatforms) = postSolution
		{5D692AA8-37CB-4DD7-9944-050F8B8478A5}.Debug|Any CPU.ActiveCfg = Debug|Any CPU
		{5D692AA8-37CB-4DD7-9944-050F8B8478A5}.Debug|Any CPU.Build.0 = Debug|Any CPU
		{5D692AA8-37CB-4DD7-9944-050F8B8478A5}.Release|Any CPU.ActiveCfg = Release|Any CPU
		{5D692AA8-37CB-4DD7-9944-050F8B8478A5}.Release|Any CPU.Build.0 = Release|Any CPU
	EndGlobalSection
	GlobalSection(SolutionProperties) = preSolution
		HideSolutionNode = FALSE
	EndGlobalSection
	GlobalSection(ExtensibilityGlobals) = postSolution
		SolutionGuid = {6F548BAF-0F56-4190-BCBF-B465F01D15DA}
	EndGlobalSection
EndGlobal
